// !$*UTF8*$!
{
	archiveVersion = 1;
	classes = {
	};
	objectVersion = 46;
	objects = {

/* Begin PBXBuildFile section */
		7A2BDE761E0849830018F617 /* AppDelegate.swift in Sources */ = {isa = PBXBuildFile; fileRef = 7A2BDE751E0849830018F617 /* AppDelegate.swift */; };
		7A2BDE781E0849830018F617 /* ViewController.swift in Sources */ = {isa = PBXBuildFile; fileRef = 7A2BDE771E0849830018F617 /* ViewController.swift */; };
		7A2BDE7B1E0849830018F617 /* Main.storyboard in Resources */ = {isa = PBXBuildFile; fileRef = 7A2BDE791E0849830018F617 /* Main.storyboard */; };
		7A2BDE7D1E0849830018F617 /* Assets.xcassets in Resources */ = {isa = PBXBuildFile; fileRef = 7A2BDE7C1E0849830018F617 /* Assets.xcassets */; };
		7A2BDE801E0849830018F617 /* LaunchScreen.storyboard in Resources */ = {isa = PBXBuildFile; fileRef = 7A2BDE7E1E0849830018F617 /* LaunchScreen.storyboard */; };
		7A8EBBC21E0857CF0054734D /* Converter.swift in Sources */ = {isa = PBXBuildFile; fileRef = 7A8EBBC11E0857CF0054734D /* Converter.swift */; };
		7A8EBBC41E0859810054734D /* CelciusConversor.swift in Sources */ = {isa = PBXBuildFile; fileRef = 7A8EBBC31E0859810054734D /* CelciusConversor.swift */; };
		7A8EBBC61E085B370054734D /* FahrenheitConversor.swift in Sources */ = {isa = PBXBuildFile; fileRef = 7A8EBBC51E085B370054734D /* FahrenheitConversor.swift */; };
/* End PBXBuildFile section */

/* Begin PBXFileReference section */
		7A2BDE721E0849830018F617 /* TempConverter.app */ = {isa = PBXFileReference; explicitFileType = wrapper.application; includeInIndex = 0; path = TempConverter.app; sourceTree = BUILT_PRODUCTS_DIR; };
		7A2BDE751E0849830018F617 /* AppDelegate.swift */ = {isa = PBXFileReference; lastKnownFileType = sourcecode.swift; path = AppDelegate.swift; sourceTree = "<group>"; };
		7A2BDE771E0849830018F617 /* ViewController.swift */ = {isa = PBXFileReference; lastKnownFileType = sourcecode.swift; path = ViewController.swift; sourceTree = "<group>"; };
		7A2BDE7A1E0849830018F617 /* Base */ = {isa = PBXFileReference; lastKnownFileType = file.storyboard; name = Base; path = Base.lproj/Main.storyboard; sourceTree = "<group>"; };
		7A2BDE7C1E0849830018F617 /* Assets.xcassets */ = {isa = PBXFileReference; lastKnownFileType = folder.assetcatalog; path = Assets.xcassets; sourceTree = "<group>"; };
		7A2BDE7F1E0849830018F617 /* Base */ = {isa = PBXFileReference; lastKnownFileType = file.storyboard; name = Base; path = Base.lproj/LaunchScreen.storyboard; sourceTree = "<group>"; };
		7A2BDE811E0849830018F617 /* Info.plist */ = {isa = PBXFileReference; lastKnownFileType = text.plist.xml; path = Info.plist; sourceTree = "<group>"; };
		7A8EBBC11E0857CF0054734D /* Converter.swift */ = {isa = PBXFileReference; fileEncoding = 4; lastKnownFileType = sourcecode.swift; path = Converter.swift; sourceTree = "<group>"; };
		7A8EBBC31E0859810054734D /* CelciusConversor.swift */ = {isa = PBXFileReference; fileEncoding = 4; lastKnownFileType = sourcecode.swift; path = CelciusConversor.swift; sourceTree = "<group>"; };
		7A8EBBC51E085B370054734D /* FahrenheitConversor.swift */ = {isa = PBXFileReference; fileEncoding = 4; lastKnownFileType = sourcecode.swift; path = FahrenheitConversor.swift; sourceTree = "<group>"; };
/* End PBXFileReference section */

/* Begin PBXFrameworksBuildPhase section */
		7A2BDE6F1E0849830018F617 /* Frameworks */ = {
			isa = PBXFrameworksBuildPhase;
			buildActionMask = 2147483647;
			files = (
			);
			runOnlyForDeploymentPostprocessing = 0;
		};
/* End PBXFrameworksBuildPhase section */

/* Begin PBXGroup section */
		7A2BDE691E0849830018F617 = {
			isa = PBXGroup;
			children = (
				7A2BDE741E0849830018F617 /* TempConverter */,
				7A2BDE731E0849830018F617 /* Products */,
			);
			sourceTree = "<group>";
		};
		7A2BDE731E0849830018F617 /* Products */ = {
			isa = PBXGroup;
			children = (
				7A2BDE721E0849830018F617 /* TempConverter.app */,
			);
			name = Products;
			sourceTree = "<group>";
		};
		7A2BDE741E0849830018F617 /* TempConverter */ = {
			isa = PBXGroup;
			children = (
				7A2BDE751E0849830018F617 /* AppDelegate.swift */,
				7A2BDE771E0849830018F617 /* ViewController.swift */,
				7A2BDE791E0849830018F617 /* Main.storyboard */,
				7A2BDE7C1E0849830018F617 /* Assets.xcassets */,
				7A2BDE7E1E0849830018F617 /* LaunchScreen.storyboard */,
				7A2BDE811E0849830018F617 /* Info.plist */,
				7A8EBBC11E0857CF0054734D /* Converter.swift */,
				7A8EBBC31E0859810054734D /* CelciusConversor.swift */,
				7A8EBBC51E085B370054734D /* FahrenheitConversor.swift */,
			);
			path = TempConverter;
			sourceTree = "<group>";
		};
/* End PBXGroup section */

/* Begin PBXNativeTarget section */
		7A2BDE711E0849830018F617 /* TempConverter */ = {
			isa = PBXNativeTarget;
			buildConfigurationList = 7A2BDE841E0849830018F617 /* Build configuration list for PBXNativeTarget "TempConverter" */;
			buildPhases = (
				7A2BDE6E1E0849830018F617 /* Sources */,
				7A2BDE6F1E0849830018F617 /* Frameworks */,
				7A2BDE701E0849830018F617 /* Resources */,
			);
			buildRules = (
			);
			dependencies = (
			);
			name = TempConverter;
			productName = TempConverter;
			productReference = 7A2BDE721E0849830018F617 /* TempConverter.app */;
			productType = "com.apple.product-type.application";
		};
/* End PBXNativeTarget section */

/* Begin PBXProject section */
		7A2BDE6A1E0849830018F617 /* Project object */ = {
			isa = PBXProject;
			attributes = {
				LastSwiftUpdateCheck = 0820;
				LastUpgradeCheck = 0820;
				ORGANIZATIONNAME = "José Alberto Martín Falcón";
				TargetAttributes = {
					7A2BDE711E0849830018F617 = {
						CreatedOnToolsVersion = 8.2;
						ProvisioningStyle = Automatic;
					};
				};
			};
			buildConfigurationList = 7A2BDE6D1E0849830018F617 /* Build configuration list for PBXProject "TempConverter" */;
			compatibilityVersion = "Xcode 3.2";
			developmentRegion = English;
			hasScannedForEncodings = 0;
			knownRegions = (
				en,
				Base,
			);
			mainGroup = 7A2BDE691E0849830018F617;
			productRefGroup = 7A2BDE731E0849830018F617 /* Products */;
			projectDirPath = "";
			projectRoot = "";
			targets = (
				7A2BDE711E0849830018F617 /* TempConverter */,
			);
		};
/* End PBXProject section */

/* Begin PBXResourcesBuildPhase section */
		7A2BDE701E0849830018F617 /* Resources */ = {
			isa = PBXResourcesBuildPhase;
			buildActionMask = 2147483647;
			files = (
				7A2BDE801E0849830018F617 /* LaunchScreen.storyboard in Resources */,
				7A2BDE7D1E0849830018F617 /* Assets.xcassets in Resources */,
				7A2BDE7B1E0849830018F617 /* Main.storyboard in Resources */,
			);
			runOnlyForDeploymentPostprocessing = 0;
		};
/* End PBXResourcesBuildPhase section */

/* Begin PBXSourcesBuildPhase section */
		7A2BDE6E1E0849830018F617 /* Sources */ = {
			isa = PBXSourcesBuildPhase;
			buildActionMask = 2147483647;
			files = (
				7A2BDE781E0849830018F617 /* ViewController.swift in Sources */,
				7A8EBBC61E085B370054734D /* FahrenheitConversor.swift in Sources */,
				7A8EBBC21E0857CF0054734D /* Converter.swift in Sources */,
				7A8EBBC41E0859810054734D /* CelciusConversor.swift in Sources */,
				7A2BDE761E0849830018F617 /* AppDelegate.swift in Sources */,
			);
			runOnlyForDeploymentPostprocessing = 0;
		};
/* End PBXSourcesBuildPhase section */

/* Begin PBXVariantGroup section */
		7A2BDE791E0849830018F617 /* Main.storyboard */ = {
			isa = PBXVariantGroup;
			children = (
				7A2BDE7A1E0849830018F617 /* Base */,
			);
			name = Main.storyboard;
			sourceTree = "<group>";
		};
		7A2BDE7E1E0849830018F617 /* LaunchScreen.storyboard */ = {
			isa = PBXVariantGroup;
			children = (
				7A2BDE7F1E0849830018F617 /* Base */,
			);
			name = LaunchScreen.storyboard;
			sourceTree = "<group>";
		};
/* End PBXVariantGroup section */

/* Begin XCBuildConfiguration section */
		7A2BDE821E0849830018F617 /* Debug */ = {
			isa = XCBuildConfiguration;
			buildSettings = {
				ALWAYS_SEARCH_USER_PATHS = NO;
				CLANG_ANALYZER_NONNULL = YES;
				CLANG_CXX_LANGUAGE_STANDARD = "gnu++0x";
				CLANG_CXX_LIBRARY = "libc++";
				CLANG_ENABLE_MODULES = YES;
				CLANG_ENABLE_OBJC_ARC = YES;
				CLANG_WARN_BOOL_CONVERSION = YES;
				CLANG_WARN_CONSTANT_CONVERSION = YES;
				CLANG_WARN_DIRECT_OBJC_ISA_USAGE = YES_ERROR;
				CLANG_WARN_DOCUMENTATION_COMMENTS = YES;
				CLANG_WARN_EMPTY_BODY = YES;
				CLANG_WARN_ENUM_CONVERSION = YES;
				CLANG_WARN_INFINITE_RECURSION = YES;
				CLANG_WARN_INT_CONVERSION = YES;
				CLANG_WARN_OBJC_ROOT_CLASS = YES_ERROR;
				CLANG_WARN_SUSPICIOUS_MOVE = YES;
				CLANG_WARN_UNREACHABLE_CODE = YES;
				CLANG_WARN__DUPLICATE_METHOD_MATCH = YES;
				"CODE_SIGN_IDENTITY[sdk=iphoneos*]" = "iPhone Developer";
				COPY_PHASE_STRIP = NO;
				DEBUG_INFORMATION_FORMAT = dwarf;
				ENABLE_STRICT_OBJC_MSGSEND = YES;
				ENABLE_TESTABILITY = YES;
				GCC_C_LANGUAGE_STANDARD = gnu99;
				GCC_DYNAMIC_NO_PIC = NO;
				GCC_NO_COMMON_BLOCKS = YES;
				GCC_OPTIMIZATION_LEVEL = 0;
				GCC_PREPROCESSOR_DEFINITIONS = (
					"DEBUG=1",
					"$(inherited)",
				);
				GCC_WARN_64_TO_32_BIT_CONVERSION = YES;
				GCC_WARN_ABOUT_RETURN_TYPE = YES_ERROR;
				GCC_WARN_UNDECLARED_SELECTOR = YES;
				GCC_WARN_UNINITIALIZED_AUTOS = YES_AGGRESSIVE;
				GCC_WARN_UNUSED_FUNCTION = YES;
				GCC_WARN_UNUSED_VARIABLE = YES;
				IPHONEOS_DEPLOYMENT_TARGET = 10.2;
				MTL_ENABLE_DEBUG_INFO = YES;
				ONLY_ACTIVE_ARCH = YES;
				SDKROOT = iphoneos;
				SWIFT_ACTIVE_COMPILATION_CONDITIONS = DEBUG;
				SWIFT_OPTIMIZATION_LEVEL = "-Onone";
				TARGETED_DEVICE_FAMILY = "1,2";
			};
			name = Debug;
		};
		7A2BDE831E0849830018F617 /* Release */ = {
			isa = XCBuildConfiguration;
			buildSettings = {
				ALWAYS_SEARCH_USER_PATHS = NO;
				CLANG_ANALYZER_NONNULL = YES;
				CLANG_CXX_LANGUAGE_STANDARD = "gnu++0x";
				CLANG_CXX_LIBRARY = "libc++";
				CLANG_ENABLE_MODULES = YES;
				CLANG_ENABLE_OBJC_ARC = YES;
				CLANG_WARN_BOOL_CONVERSION = YES;
				CLANG_WARN_CONSTANT_CONVERSION = YES;
				CLANG_WARN_DIRECT_OBJC_ISA_USAGE = YES_ERROR;
				CLANG_WARN_DOCUMENTATION_COMMENTS = YES;
				CLANG_WARN_EMPTY_BODY = YES;
				CLANG_WARN_ENUM_CONVERSION = YES;
				CLANG_WARN_INFINITE_RECURSION = YES;
				CLANG_WARN_INT_CONVERSION = YES;
				CLANG_WARN_OBJC_ROOT_CLASS = YES_ERROR;
				CLANG_WARN_SUSPICIOUS_MOVE = YES;
				CLANG_WARN_UNREACHABLE_CODE = YES;
				CLANG_WARN__DUPLICATE_METHOD_MATCH = YES;
				"CODE_SIGN_IDENTITY[sdk=iphoneos*]" = "iPhone Developer";
				COPY_PHASE_STRIP = NO;
				DEBUG_INFORMATION_FORMAT = "dwarf-with-dsym";
				ENABLE_NS_ASSERTIONS = NO;
				ENABLE_STRICT_OBJC_MSGSEND = YES;
				GCC_C_LANGUAGE_STANDARD = gnu99;
				GCC_NO_COMMON_BLOCKS = YES;
				GCC_WARN_64_TO_32_BIT_CONVERSION = YES;
				GCC_WARN_ABOUT_RETURN_TYPE = YES_ERROR;
				GCC_WARN_UNDECLARED_SELECTOR = YES;
				GCC_WARN_UNINITIALIZED_AUTOS = YES_AGGRESSIVE;
				GCC_WARN_UNUSED_FUNCTION = YES;
				GCC_WARN_UNUSED_VARIABLE = YES;
				IPHONEOS_DEPLOYMENT_TARGET = 10.2;
				MTL_ENABLE_DEBUG_INFO = NO;
				SDKROOT = iphoneos;
				SWIFT_OPTIMIZATION_LEVEL = "-Owholemodule";
				TARGETED_DEVICE_FAMILY = "1,2";
				VALIDATE_PRODUCT = YES;
			};
			name = Release;
		};
		7A2BDE851E0849830018F617 /* Debug */ = {
			isa = XCBuildConfiguration;
			buildSettings = {
				ASSETCATALOG_COMPILER_APPICON_NAME = AppIcon;
				INFOPLIST_FILE = TempConverter/Info.plist;
				LD_RUNPATH_SEARCH_PATHS = "$(inherited) @executable_path/Frameworks";
				PRODUCT_BUNDLE_IDENTIFIER = jamarfal.TempConverter;
				PRODUCT_NAME = "$(TARGET_NAME)";
				SWIFT_VERSION = 3.0;
			};
			name = Debug;
		};
		7A2BDE861E0849830018F617 /* Release */ = {
			isa = XCBuildConfiguration;
			buildSettings = {
				ASSETCATALOG_COMPILER_APPICON_NAME = AppIcon;
				INFOPLIST_FILE = TempConverter/Info.plist;
				LD_RUNPATH_SEARCH_PATHS = "$(inherited) @executable_path/Frameworks";
				PRODUCT_BUNDLE_IDENTIFIER = jamarfal.TempConverter;
				PRODUCT_NAME = "$(TARGET_NAME)";
				SWIFT_VERSION = 3.0;
			};
			name = Release;
		};
/* End XCBuildConfiguration section */

/* Begin XCConfigurationList section */
		7A2BDE6D1E0849830018F617 /* Build configuration list for PBXProject "TempConverter" */ = {
			isa = XCConfigurationList;
			buildConfigurations = (
				7A2BDE821E0849830018F617 /* Debug */,
				7A2BDE831E0849830018F617 /* Release */,
			);
			defaultConfigurationIsVisible = 0;
			defaultConfigurationName = Release;
		};
		7A2BDE841E0849830018F617 /* Build configuration list for PBXNativeTarget "TempConverter" */ = {
			isa = XCConfigurationList;
			buildConfigurations = (
				7A2BDE851E0849830018F617 /* Debug */,
				7A2BDE861E0849830018F617 /* Release */,
			);
			defaultConfigurationIsVisible = 0;
			defaultConfigurationName = Release;
		};
/* End XCConfigurationList section */
	};
	rootObject = 7A2BDE6A1E0849830018F617 /* Project object */;
}
